
Microsoft Visual Studio Solution File, Format Version 12.00
# Visual Studio Version 17
VisualStudioVersion = 17.5.33502.453
MinimumVisualStudioVersion = 10.0.40219.1
Project("{9A19103F-16F7-4668-BE54-9A1E7A4F7556}") = "WebUNIFI", "WebUNIFI.csproj", "{9A371F32-A481-48F7-939F-9E6EA70B7FD1}"
EndProject
Global
	GlobalSection(SolutionConfigurationPlatforms) = preSolution
		Debug|Any CPU = Debug|Any CPU
		Release|Any CPU = Release|Any CPU
	EndGlobalSection
	GlobalSection(ProjectConfigurationPlatforms) = postSolution
		{9A371F32-A481-48F7-939F-9E6EA70B7FD1}.Debug|Any CPU.ActiveCfg = Debug|Any CPU
		{9A371F32-A481-48F7-939F-9E6EA70B7FD1}.Debug|Any CPU.Build.0 = Debug|Any CPU
		{9A371F32-A481-48F7-939F-9E6EA70B7FD1}.Release|Any CPU.ActiveCfg = Release|Any CPU
		{9A371F32-A481-48F7-939F-9E6EA70B7FD1}.Release|Any CPU.Build.0 = Release|Any CPU
	EndGlobalSection
	GlobalSection(SolutionProperties) = preSolution
		HideSolutionNode = FALSE
	EndGlobalSection
	GlobalSection(ExtensibilityGlobals) = postSolution
		SolutionGuid = {4C2A65BD-3044-4DEE-9D5A-0FB987C968DA}
	EndGlobalSection
EndGlobal
